// !$*UTF8*$!
{
	archiveVersion = 1;
	classes = {
	};
	objectVersion = 56;
	objects = {

/* Begin PBXBuildFile section */
		836D08FD2B3B4A6200E2CF72 /* AppDelegate.swift in Sources */ = {isa = PBXBuildFile; fileRef = 836D08FC2B3B4A6200E2CF72 /* AppDelegate.swift */; };
		836D08FF2B3B4A6200E2CF72 /* SceneDelegate.swift in Sources */ = {isa = PBXBuildFile; fileRef = 836D08FE2B3B4A6200E2CF72 /* SceneDelegate.swift */; };
		836D09012B3B4A6200E2CF72 /* CoversVC.swift in Sources */ = {isa = PBXBuildFile; fileRef = 836D09002B3B4A6200E2CF72 /* CoversVC.swift */; };
		836D09072B3B4A6200E2CF72 /* musial_app.xcdatamodeld in Sources */ = {isa = PBXBuildFile; fileRef = 836D09052B3B4A6200E2CF72 /* musial_app.xcdatamodeld */; };
		836D09092B3B4A6400E2CF72 /* Assets.xcassets in Resources */ = {isa = PBXBuildFile; fileRef = 836D09082B3B4A6400E2CF72 /* Assets.xcassets */; };
		836D090C2B3B4A6400E2CF72 /* LaunchScreen.storyboard in Resources */ = {isa = PBXBuildFile; fileRef = 836D090A2B3B4A6400E2CF72 /* LaunchScreen.storyboard */; };
		836D09162B3B4C1600E2CF72 /* UIView+Pin.swift in Sources */ = {isa = PBXBuildFile; fileRef = 836D09152B3B4C1600E2CF72 /* UIView+Pin.swift */; };
		836D091A2B3CBA8200E2CF72 /* HomeVC.swift in Sources */ = {isa = PBXBuildFile; fileRef = 836D09192B3CBA8200E2CF72 /* HomeVC.swift */; };
		836D091C2B3CBAB200E2CF72 /* VideosVC.swift in Sources */ = {isa = PBXBuildFile; fileRef = 836D091B2B3CBAB200E2CF72 /* VideosVC.swift */; };
		836D091E2B3D7F6800E2CF72 /* PromosVC.swift in Sources */ = {isa = PBXBuildFile; fileRef = 836D091D2B3D7F6800E2CF72 /* PromosVC.swift */; };
		836D09202B3D814B00E2CF72 /* ArtistsVC.swift in Sources */ = {isa = PBXBuildFile; fileRef = 836D091F2B3D814B00E2CF72 /* ArtistsVC.swift */; };
		836D09222B3D82F000E2CF72 /* PostVC.swift in Sources */ = {isa = PBXBuildFile; fileRef = 836D09212B3D82F000E2CF72 /* PostVC.swift */; };
/* End PBXBuildFile section */

/* Begin PBXFileReference section */
		836D08F92B3B4A6200E2CF72 /* musial-app.app */ = {isa = PBXFileReference; explicitFileType = wrapper.application; includeInIndex = 0; path = "musial-app.app"; sourceTree = BUILT_PRODUCTS_DIR; };
		836D08FC2B3B4A6200E2CF72 /* AppDelegate.swift */ = {isa = PBXFileReference; lastKnownFileType = sourcecode.swift; path = AppDelegate.swift; sourceTree = "<group>"; };
		836D08FE2B3B4A6200E2CF72 /* SceneDelegate.swift */ = {isa = PBXFileReference; lastKnownFileType = sourcecode.swift; path = SceneDelegate.swift; sourceTree = "<group>"; };
		836D09002B3B4A6200E2CF72 /* CoversVC.swift */ = {isa = PBXFileReference; lastKnownFileType = sourcecode.swift; path = CoversVC.swift; sourceTree = "<group>"; };
		836D09062B3B4A6200E2CF72 /* musial_app.xcdatamodel */ = {isa = PBXFileReference; lastKnownFileType = wrapper.xcdatamodel; path = musial_app.xcdatamodel; sourceTree = "<group>"; };
		836D09082B3B4A6400E2CF72 /* Assets.xcassets */ = {isa = PBXFileReference; lastKnownFileType = folder.assetcatalog; path = Assets.xcassets; sourceTree = "<group>"; };
		836D090B2B3B4A6400E2CF72 /* Base */ = {isa = PBXFileReference; lastKnownFileType = file.storyboard; name = Base; path = Base.lproj/LaunchScreen.storyboard; sourceTree = "<group>"; };
		836D090D2B3B4A6400E2CF72 /* Info.plist */ = {isa = PBXFileReference; lastKnownFileType = text.plist.xml; path = Info.plist; sourceTree = "<group>"; };
		836D09152B3B4C1600E2CF72 /* UIView+Pin.swift */ = {isa = PBXFileReference; lastKnownFileType = sourcecode.swift; path = "UIView+Pin.swift"; sourceTree = "<group>"; };
		836D09192B3CBA8200E2CF72 /* HomeVC.swift */ = {isa = PBXFileReference; lastKnownFileType = sourcecode.swift; path = HomeVC.swift; sourceTree = "<group>"; };
		836D091B2B3CBAB200E2CF72 /* VideosVC.swift */ = {isa = PBXFileReference; lastKnownFileType = sourcecode.swift; path = VideosVC.swift; sourceTree = "<group>"; };
		836D091D2B3D7F6800E2CF72 /* PromosVC.swift */ = {isa = PBXFileReference; lastKnownFileType = sourcecode.swift; path = PromosVC.swift; sourceTree = "<group>"; };
		836D091F2B3D814B00E2CF72 /* ArtistsVC.swift */ = {isa = PBXFileReference; lastKnownFileType = sourcecode.swift; path = ArtistsVC.swift; sourceTree = "<group>"; };
		836D09212B3D82F000E2CF72 /* PostVC.swift */ = {isa = PBXFileReference; lastKnownFileType = sourcecode.swift; path = PostVC.swift; sourceTree = "<group>"; };
/* End PBXFileReference section */

/* Begin PBXFrameworksBuildPhase section */
		836D08F62B3B4A6200E2CF72 /* Frameworks */ = {
			isa = PBXFrameworksBuildPhase;
			buildActionMask = 2147483647;
			files = (
			);
			runOnlyForDeploymentPostprocessing = 0;
		};
/* End PBXFrameworksBuildPhase section */

/* Begin PBXGroup section */
		836D08F02B3B4A6200E2CF72 = {
			isa = PBXGroup;
			children = (
				836D08FB2B3B4A6200E2CF72 /* musial-app */,
				836D08FA2B3B4A6200E2CF72 /* Products */,
			);
			sourceTree = "<group>";
		};
		836D08FA2B3B4A6200E2CF72 /* Products */ = {
			isa = PBXGroup;
			children = (
				836D08F92B3B4A6200E2CF72 /* musial-app.app */,
			);
			name = Products;
			sourceTree = "<group>";
		};
		836D08FB2B3B4A6200E2CF72 /* musial-app */ = {
			isa = PBXGroup;
			children = (
				836D09142B3B4C0600E2CF72 /* Extensions */,
				836D09132B3B4BCB00E2CF72 /* VCs */,
				836D08FC2B3B4A6200E2CF72 /* AppDelegate.swift */,
				836D08FE2B3B4A6200E2CF72 /* SceneDelegate.swift */,
				836D09082B3B4A6400E2CF72 /* Assets.xcassets */,
				836D090A2B3B4A6400E2CF72 /* LaunchScreen.storyboard */,
				836D090D2B3B4A6400E2CF72 /* Info.plist */,
				836D09052B3B4A6200E2CF72 /* musial_app.xcdatamodeld */,
			);
			path = "musial-app";
			sourceTree = "<group>";
		};
		836D09132B3B4BCB00E2CF72 /* VCs */ = {
			isa = PBXGroup;
			children = (
				836D09002B3B4A6200E2CF72 /* CoversVC.swift */,
				836D09192B3CBA8200E2CF72 /* HomeVC.swift */,
				836D091B2B3CBAB200E2CF72 /* VideosVC.swift */,
				836D091D2B3D7F6800E2CF72 /* PromosVC.swift */,
				836D091F2B3D814B00E2CF72 /* ArtistsVC.swift */,
				836D09212B3D82F000E2CF72 /* PostVC.swift */,
			);
			path = VCs;
			sourceTree = "<group>";
		};
		836D09142B3B4C0600E2CF72 /* Extensions */ = {
			isa = PBXGroup;
			children = (
				836D09152B3B4C1600E2CF72 /* UIView+Pin.swift */,
			);
			path = Extensions;
			sourceTree = "<group>";
		};
/* End PBXGroup section */

/* Begin PBXNativeTarget section */
		836D08F82B3B4A6200E2CF72 /* musial-app */ = {
			isa = PBXNativeTarget;
			buildConfigurationList = 836D09102B3B4A6400E2CF72 /* Build configuration list for PBXNativeTarget "musial-app" */;
			buildPhases = (
				836D08F52B3B4A6200E2CF72 /* Sources */,
				836D08F62B3B4A6200E2CF72 /* Frameworks */,
				836D08F72B3B4A6200E2CF72 /* Resources */,
			);
			buildRules = (
			);
			dependencies = (
			);
			name = "musial-app";
			productName = "musial-app";
			productReference = 836D08F92B3B4A6200E2CF72 /* musial-app.app */;
			productType = "com.apple.product-type.application";
		};
/* End PBXNativeTarget section */

/* Begin PBXProject section */
		836D08F12B3B4A6200E2CF72 /* Project object */ = {
			isa = PBXProject;
			attributes = {
				BuildIndependentTargetsInParallel = 1;
				LastSwiftUpdateCheck = 1500;
				LastUpgradeCheck = 1500;
				TargetAttributes = {
					836D08F82B3B4A6200E2CF72 = {
						CreatedOnToolsVersion = 15.0;
					};
				};
			};
			buildConfigurationList = 836D08F42B3B4A6200E2CF72 /* Build configuration list for PBXProject "musial-app" */;
			compatibilityVersion = "Xcode 14.0";
			developmentRegion = en;
			hasScannedForEncodings = 0;
			knownRegions = (
				en,
				Base,
			);
			mainGroup = 836D08F02B3B4A6200E2CF72;
			productRefGroup = 836D08FA2B3B4A6200E2CF72 /* Products */;
			projectDirPath = "";
			projectRoot = "";
			targets = (
				836D08F82B3B4A6200E2CF72 /* musial-app */,
			);
		};
/* End PBXProject section */

/* Begin PBXResourcesBuildPhase section */
		836D08F72B3B4A6200E2CF72 /* Resources */ = {
			isa = PBXResourcesBuildPhase;
			buildActionMask = 2147483647;
			files = (
				836D090C2B3B4A6400E2CF72 /* LaunchScreen.storyboard in Resources */,
				836D09092B3B4A6400E2CF72 /* Assets.xcassets in Resources */,
			);
			runOnlyForDeploymentPostprocessing = 0;
		};
/* End PBXResourcesBuildPhase section */

/* Begin PBXSourcesBuildPhase section */
		836D08F52B3B4A6200E2CF72 /* Sources */ = {
			isa = PBXSourcesBuildPhase;
			buildActionMask = 2147483647;
			files = (
				836D09162B3B4C1600E2CF72 /* UIView+Pin.swift in Sources */,
				836D09012B3B4A6200E2CF72 /* CoversVC.swift in Sources */,
				836D091E2B3D7F6800E2CF72 /* PromosVC.swift in Sources */,
				836D08FD2B3B4A6200E2CF72 /* AppDelegate.swift in Sources */,
				836D09222B3D82F000E2CF72 /* PostVC.swift in Sources */,
				836D091A2B3CBA8200E2CF72 /* HomeVC.swift in Sources */,
				836D09072B3B4A6200E2CF72 /* musial_app.xcdatamodeld in Sources */,
				836D08FF2B3B4A6200E2CF72 /* SceneDelegate.swift in Sources */,
				836D091C2B3CBAB200E2CF72 /* VideosVC.swift in Sources */,
				836D09202B3D814B00E2CF72 /* ArtistsVC.swift in Sources */,
			);
			runOnlyForDeploymentPostprocessing = 0;
		};
/* End PBXSourcesBuildPhase section */

/* Begin PBXVariantGroup section */
		836D090A2B3B4A6400E2CF72 /* LaunchScreen.storyboard */ = {
			isa = PBXVariantGroup;
			children = (
				836D090B2B3B4A6400E2CF72 /* Base */,
			);
			name = LaunchScreen.storyboard;
			sourceTree = "<group>";
		};
/* End PBXVariantGroup section */

/* Begin XCBuildConfiguration section */
		836D090E2B3B4A6400E2CF72 /* Debug */ = {
			isa = XCBuildConfiguration;
			buildSettings = {
				ALWAYS_SEARCH_USER_PATHS = NO;
				ASSETCATALOG_COMPILER_GENERATE_SWIFT_ASSET_SYMBOL_EXTENSIONS = YES;
				CLANG_ANALYZER_NONNULL = YES;
				CLANG_ANALYZER_NUMBER_OBJECT_CONVERSION = YES_AGGRESSIVE;
				CLANG_CXX_LANGUAGE_STANDARD = "gnu++20";
				CLANG_ENABLE_MODULES = YES;
				CLANG_ENABLE_OBJC_ARC = YES;
				CLANG_ENABLE_OBJC_WEAK = YES;
				CLANG_WARN_BLOCK_CAPTURE_AUTORELEASING = YES;
				CLANG_WARN_BOOL_CONVERSION = YES;
				CLANG_WARN_COMMA = YES;
				CLANG_WARN_CONSTANT_CONVERSION = YES;
				CLANG_WARN_DEPRECATED_OBJC_IMPLEMENTATIONS = YES;
				CLANG_WARN_DIRECT_OBJC_ISA_USAGE = YES_ERROR;
				CLANG_WARN_DOCUMENTATION_COMMENTS = YES;
				CLANG_WARN_EMPTY_BODY = YES;
				CLANG_WARN_ENUM_CONVERSION = YES;
				CLANG_WARN_INFINITE_RECURSION = YES;
				CLANG_WARN_INT_CONVERSION = YES;
				CLANG_WARN_NON_LITERAL_NULL_CONVERSION = YES;
				CLANG_WARN_OBJC_IMPLICIT_RETAIN_SELF = YES;
				CLANG_WARN_OBJC_LITERAL_CONVERSION = YES;
				CLANG_WARN_OBJC_ROOT_CLASS = YES_ERROR;
				CLANG_WARN_QUOTED_INCLUDE_IN_FRAMEWORK_HEADER = YES;
				CLANG_WARN_RANGE_LOOP_ANALYSIS = YES;
				CLANG_WARN_STRICT_PROTOTYPES = YES;
				CLANG_WARN_SUSPICIOUS_MOVE = YES;
				CLANG_WARN_UNGUARDED_AVAILABILITY = YES_AGGRESSIVE;
				CLANG_WARN_UNREACHABLE_CODE = YES;
				CLANG_WARN__DUPLICATE_METHOD_MATCH = YES;
				COPY_PHASE_STRIP = NO;
				DEBUG_INFORMATION_FORMAT = dwarf;
				ENABLE_STRICT_OBJC_MSGSEND = YES;
				ENABLE_TESTABILITY = YES;
				ENABLE_USER_SCRIPT_SANDBOXING = YES;
				GCC_C_LANGUAGE_STANDARD = gnu17;
				GCC_DYNAMIC_NO_PIC = NO;
				GCC_NO_COMMON_BLOCKS = YES;
				GCC_OPTIMIZATION_LEVEL = 0;
				GCC_PREPROCESSOR_DEFINITIONS = (
					"DEBUG=1",
					"$(inherited)",
				);
				GCC_WARN_64_TO_32_BIT_CONVERSION = YES;
				GCC_WARN_ABOUT_RETURN_TYPE = YES_ERROR;
				GCC_WARN_UNDECLARED_SELECTOR = YES;
				GCC_WARN_UNINITIALIZED_AUTOS = YES_AGGRESSIVE;
				GCC_WARN_UNUSED_FUNCTION = YES;
				GCC_WARN_UNUSED_VARIABLE = YES;
				IPHONEOS_DEPLOYMENT_TARGET = 17.0;
				LOCALIZATION_PREFERS_STRING_CATALOGS = YES;
				MTL_ENABLE_DEBUG_INFO = INCLUDE_SOURCE;
				MTL_FAST_MATH = YES;
				ONLY_ACTIVE_ARCH = YES;
				SDKROOT = iphoneos;
				SWIFT_ACTIVE_COMPILATION_CONDITIONS = "DEBUG $(inherited)";
				SWIFT_OPTIMIZATION_LEVEL = "-Onone";
			};
			name = Debug;
		};
		836D090F2B3B4A6400E2CF72 /* Release */ = {
			isa = XCBuildConfiguration;
			buildSettings = {
				ALWAYS_SEARCH_USER_PATHS = NO;
				ASSETCATALOG_COMPILER_GENERATE_SWIFT_ASSET_SYMBOL_EXTENSIONS = YES;
				CLANG_ANALYZER_NONNULL = YES;
				CLANG_ANALYZER_NUMBER_OBJECT_CONVERSION = YES_AGGRESSIVE;
				CLANG_CXX_LANGUAGE_STANDARD = "gnu++20";
				CLANG_ENABLE_MODULES = YES;
				CLANG_ENABLE_OBJC_ARC = YES;
				CLANG_ENABLE_OBJC_WEAK = YES;
				CLANG_WARN_BLOCK_CAPTURE_AUTORELEASING = YES;
				CLANG_WARN_BOOL_CONVERSION = YES;
				CLANG_WARN_COMMA = YES;
				CLANG_WARN_CONSTANT_CONVERSION = YES;
				CLANG_WARN_DEPRECATED_OBJC_IMPLEMENTATIONS = YES;
				CLANG_WARN_DIRECT_OBJC_ISA_USAGE = YES_ERROR;
				CLANG_WARN_DOCUMENTATION_COMMENTS = YES;
				CLANG_WARN_EMPTY_BODY = YES;
				CLANG_WARN_ENUM_CONVERSION = YES;
				CLANG_WARN_INFINITE_RECURSION = YES;
				CLANG_WARN_INT_CONVERSION = YES;
				CLANG_WARN_NON_LITERAL_NULL_CONVERSION = YES;
				CLANG_WARN_OBJC_IMPLICIT_RETAIN_SELF = YES;
				CLANG_WARN_OBJC_LITERAL_CONVERSION = YES;
				CLANG_WARN_OBJC_ROOT_CLASS = YES_ERROR;
				CLANG_WARN_QUOTED_INCLUDE_IN_FRAMEWORK_HEADER = YES;
				CLANG_WARN_RANGE_LOOP_ANALYSIS = YES;
				CLANG_WARN_STRICT_PROTOTYPES = YES;
				CLANG_WARN_SUSPICIOUS_MOVE = YES;
				CLANG_WARN_UNGUARDED_AVAILABILITY = YES_AGGRESSIVE;
				CLANG_WARN_UNREACHABLE_CODE = YES;
				CLANG_WARN__DUPLICATE_METHOD_MATCH = YES;
				COPY_PHASE_STRIP = NO;
				DEBUG_INFORMATION_FORMAT = "dwarf-with-dsym";
				ENABLE_NS_ASSERTIONS = NO;
				ENABLE_STRICT_OBJC_MSGSEND = YES;
				ENABLE_USER_SCRIPT_SANDBOXING = YES;
				GCC_C_LANGUAGE_STANDARD = gnu17;
				GCC_NO_COMMON_BLOCKS = YES;
				GCC_WARN_64_TO_32_BIT_CONVERSION = YES;
				GCC_WARN_ABOUT_RETURN_TYPE = YES_ERROR;
				GCC_WARN_UNDECLARED_SELECTOR = YES;
				GCC_WARN_UNINITIALIZED_AUTOS = YES_AGGRESSIVE;
				GCC_WARN_UNUSED_FUNCTION = YES;
				GCC_WARN_UNUSED_VARIABLE = YES;
				IPHONEOS_DEPLOYMENT_TARGET = 17.0;
				LOCALIZATION_PREFERS_STRING_CATALOGS = YES;
				MTL_ENABLE_DEBUG_INFO = NO;
				MTL_FAST_MATH = YES;
				SDKROOT = iphoneos;
				SWIFT_COMPILATION_MODE = wholemodule;
				VALIDATE_PRODUCT = YES;
			};
			name = Release;
		};
		836D09112B3B4A6400E2CF72 /* Debug */ = {
			isa = XCBuildConfiguration;
			buildSettings = {
				ASSETCATALOG_COMPILER_APPICON_NAME = AppIcon;
				ASSETCATALOG_COMPILER_GLOBAL_ACCENT_COLOR_NAME = AccentColor;
				CODE_SIGN_STYLE = Automatic;
				CURRENT_PROJECT_VERSION = 1;
				DEVELOPMENT_TEAM = NRCC95UUD6;
				GENERATE_INFOPLIST_FILE = YES;
				INFOPLIST_FILE = "musial-app/Info.plist";
				INFOPLIST_KEY_UIApplicationSupportsIndirectInputEvents = YES;
				INFOPLIST_KEY_UILaunchStoryboardName = LaunchScreen;
				INFOPLIST_KEY_UISupportedInterfaceOrientations_iPad = "UIInterfaceOrientationPortrait UIInterfaceOrientationPortraitUpsideDown UIInterfaceOrientationLandscapeLeft UIInterfaceOrientationLandscapeRight";
				INFOPLIST_KEY_UISupportedInterfaceOrientations_iPhone = "UIInterfaceOrientationPortrait UIInterfaceOrientationLandscapeLeft UIInterfaceOrientationLandscapeRight";
				LD_RUNPATH_SEARCH_PATHS = (
					"$(inherited)",
					"@executable_path/Frameworks",
				);
				MARKETING_VERSION = 1.0;
				PRODUCT_BUNDLE_IDENTIFIER = "ru.hse.musial-app";
				PRODUCT_NAME = "$(TARGET_NAME)";
				SWIFT_EMIT_LOC_STRINGS = YES;
				SWIFT_VERSION = 5.0;
				TARGETED_DEVICE_FAMILY = "1,2";
			};
			name = Debug;
		};
		836D09122B3B4A6400E2CF72 /* Release */ = {
			isa = XCBuildConfiguration;
			buildSettings = {
				ASSETCATALOG_COMPILER_APPICON_NAME = AppIcon;
				ASSETCATALOG_COMPILER_GLOBAL_ACCENT_COLOR_NAME = AccentColor;
				CODE_SIGN_STYLE = Automatic;
				CURRENT_PROJECT_VERSION = 1;
				DEVELOPMENT_TEAM = NRCC95UUD6;
				GENERATE_INFOPLIST_FILE = YES;
				INFOPLIST_FILE = "musial-app/Info.plist";
				INFOPLIST_KEY_UIApplicationSupportsIndirectInputEvents = YES;
				INFOPLIST_KEY_UILaunchStoryboardName = LaunchScreen;
				INFOPLIST_KEY_UISupportedInterfaceOrientations_iPad = "UIInterfaceOrientationPortrait UIInterfaceOrientationPortraitUpsideDown UIInterfaceOrientationLandscapeLeft UIInterfaceOrientationLandscapeRight";
				INFOPLIST_KEY_UISupportedInterfaceOrientations_iPhone = "UIInterfaceOrientationPortrait UIInterfaceOrientationLandscapeLeft UIInterfaceOrientationLandscapeRight";
				LD_RUNPATH_SEARCH_PATHS = (
					"$(inherited)",
					"@executable_path/Frameworks",
				);
				MARKETING_VERSION = 1.0;
				PRODUCT_BUNDLE_IDENTIFIER = "ru.hse.musial-app";
				PRODUCT_NAME = "$(TARGET_NAME)";
				SWIFT_EMIT_LOC_STRINGS = YES;
				SWIFT_VERSION = 5.0;
				TARGETED_DEVICE_FAMILY = "1,2";
			};
			name = Release;
		};
/* End XCBuildConfiguration section */

/* Begin XCConfigurationList section */
		836D08F42B3B4A6200E2CF72 /* Build configuration list for PBXProject "musial-app" */ = {
			isa = XCConfigurationList;
			buildConfigurations = (
				836D090E2B3B4A6400E2CF72 /* Debug */,
				836D090F2B3B4A6400E2CF72 /* Release */,
			);
			defaultConfigurationIsVisible = 0;
			defaultConfigurationName = Release;
		};
		836D09102B3B4A6400E2CF72 /* Build configuration list for PBXNativeTarget "musial-app" */ = {
			isa = XCConfigurationList;
			buildConfigurations = (
				836D09112B3B4A6400E2CF72 /* Debug */,
				836D09122B3B4A6400E2CF72 /* Release */,
			);
			defaultConfigurationIsVisible = 0;
			defaultConfigurationName = Release;
		};
/* End XCConfigurationList section */

/* Begin XCVersionGroup section */
		836D09052B3B4A6200E2CF72 /* musial_app.xcdatamodeld */ = {
			isa = XCVersionGroup;
			children = (
				836D09062B3B4A6200E2CF72 /* musial_app.xcdatamodel */,
			);
			currentVersion = 836D09062B3B4A6200E2CF72 /* musial_app.xcdatamodel */;
			path = musial_app.xcdatamodeld;
			sourceTree = "<group>";
			versionGroupType = wrapper.xcdatamodel;
		};
/* End XCVersionGroup section */
	};
	rootObject = 836D08F12B3B4A6200E2CF72 /* Project object */;
}
